
Microsoft Visual Studio Solution File, Format Version 12.00
# Visual Studio 2013
VisualStudioVersion = 12.0.21005.1
MinimumVisualStudioVersion = 10.0.40219.1
Project("{FAE04EC0-301F-11D3-BF4B-00C04F79EFBC}") = "ActiveAuthenticationDesktopClient", "ActiveAuthenticationDesktopClient\ActiveAuthenticationDesktopClient.csproj", "{877B1AB4-AFCF-4980-BBD7-5159E91AF048}"
EndProject
Project("{FAE04EC0-301F-11D3-BF4B-00C04F79EFBC}") = "KeyboardHook", "KeyboardHook\KeyboardHook.csproj", "{30DD6B78-E45E-4A13-9957-0C1938E4DC25}"
EndProject
Project("{FAE04EC0-301F-11D3-BF4B-00C04F79EFBC}") = "RawInput", "RawInput\RawInput.csproj", "{4143D085-38CF-4640-BB05-2FDFFAF94D76}"
EndProject
Project("{FAE04EC0-301F-11D3-BF4B-00C04F79EFBC}") = "CustomInstaller", "CustomInstaller\CustomInstaller.csproj", "{458CAF53-0DF2-4005-A545-95B6674CDCB6}"
EndProject
Project("{54435603-DBB4-11D2-8724-00A0C9A8B90C}") = "Installer", "Installer\Installer.vdproj", "{E359B2B0-644F-4A5B-96CA-AD643A33597D}"
EndProject
Global
	GlobalSection(TeamFoundationVersionControl) = preSolution
		SccNumberOfProjects = 6
		SccEnterpriseProvider = {4CA58AB2-18FA-4F8D-95D4-32DDF27D184C}
		SccTeamFoundationServer = http://cic-tfs:8080/tfs/cicprojectcollection
		SccLocalPath0 = .
		SccProjectUniqueName1 = ActiveAuthenticationDesktopClient\\ActiveAuthenticationDesktopClient.csproj
		SccProjectName1 = ActiveAuthenticationDesktopClient
		SccLocalPath1 = ActiveAuthenticationDesktopClient
		SccProjectUniqueName2 = KeyboardHook\\KeyboardHook.csproj
		SccProjectName2 = KeyboardHook
		SccLocalPath2 = KeyboardHook
		SccProjectUniqueName3 = RawInput\\RawInput.csproj
		SccProjectName3 = RawInput
		SccLocalPath3 = RawInput
		SccProjectUniqueName4 = CustomInstaller\\CustomInstaller.csproj
		SccProjectName4 = CustomInstaller
		SccLocalPath4 = CustomInstaller
		SccProjectUniqueName5 = Installer\\Installer.vdproj
		SccProjectName5 = Installer
		SccLocalPath5 = Installer
	EndGlobalSection
	GlobalSection(SolutionConfigurationPlatforms) = preSolution
		Debug|Any CPU = Debug|Any CPU
		Debug|x64 = Debug|x64
		Debug|x86 = Debug|x86
		Debug64|Any CPU = Debug64|Any CPU
		Debug64|x64 = Debug64|x64
		Debug64|x86 = Debug64|x86
		Install|Any CPU = Install|Any CPU
		Install|x64 = Install|x64
		Install|x86 = Install|x86
		KahonaAZ|Any CPU = KahonaAZ|Any CPU
		KahonaAZ|x64 = KahonaAZ|x64
		KahonaAZ|x86 = KahonaAZ|x86
		KahonaNick|Any CPU = KahonaNick|Any CPU
		KahonaNick|x64 = KahonaNick|x64
		KahonaNick|x86 = KahonaNick|x86
		KahonaNick2|Any CPU = KahonaNick2|Any CPU
		KahonaNick2|x64 = KahonaNick2|x64
		KahonaNick2|x86 = KahonaNick2|x86
		KahonaNick3|Any CPU = KahonaNick3|Any CPU
		KahonaNick3|x64 = KahonaNick3|x64
		KahonaNick3|x86 = KahonaNick3|x86
		Recording|Any CPU = Recording|Any CPU
		Recording|x64 = Recording|x64
		Recording|x86 = Recording|x86
		Release|Any CPU = Release|Any CPU
		Release|x64 = Release|x64
		Release|x86 = Release|x86
	EndGlobalSection
	GlobalSection(ProjectConfigurationPlatforms) = postSolution
		{877B1AB4-AFCF-4980-BBD7-5159E91AF048}.Debug|Any CPU.ActiveCfg = Debug|Any CPU
		{877B1AB4-AFCF-4980-BBD7-5159E91AF048}.Debug|Any CPU.Build.0 = Debug|Any CPU
		{877B1AB4-AFCF-4980-BBD7-5159E91AF048}.Debug|x64.ActiveCfg = Debug|x64
		{877B1AB4-AFCF-4980-BBD7-5159E91AF048}.Debug|x64.Build.0 = Debug|x64
		{877B1AB4-AFCF-4980-BBD7-5159E91AF048}.Debug|x86.ActiveCfg = Debug|x86
		{877B1AB4-AFCF-4980-BBD7-5159E91AF048}.Debug|x86.Build.0 = Debug|x86
		{877B1AB4-AFCF-4980-BBD7-5159E91AF048}.Debug64|Any CPU.ActiveCfg = Debug64|x64
		{877B1AB4-AFCF-4980-BBD7-5159E91AF048}.Debug64|Any CPU.Build.0 = Debug64|x64
		{877B1AB4-AFCF-4980-BBD7-5159E91AF048}.Debug64|x64.ActiveCfg = Debug64|x64
		{877B1AB4-AFCF-4980-BBD7-5159E91AF048}.Debug64|x64.Build.0 = Debug64|x64
		{877B1AB4-AFCF-4980-BBD7-5159E91AF048}.Debug64|x86.ActiveCfg = Debug64|x86
		{877B1AB4-AFCF-4980-BBD7-5159E91AF048}.Debug64|x86.Build.0 = Debug64|x86
		{877B1AB4-AFCF-4980-BBD7-5159E91AF048}.Install|Any CPU.ActiveCfg = Installer|Any CPU
		{877B1AB4-AFCF-4980-BBD7-5159E91AF048}.Install|Any CPU.Build.0 = Installer|Any CPU
		{877B1AB4-AFCF-4980-BBD7-5159E91AF048}.Install|x64.ActiveCfg = Installer|x64
		{877B1AB4-AFCF-4980-BBD7-5159E91AF048}.Install|x64.Build.0 = Installer|x64
		{877B1AB4-AFCF-4980-BBD7-5159E91AF048}.Install|x64.Deploy.0 = Installer|x64
		{877B1AB4-AFCF-4980-BBD7-5159E91AF048}.Install|x86.ActiveCfg = Installer|x86
		{877B1AB4-AFCF-4980-BBD7-5159E91AF048}.Install|x86.Build.0 = Installer|x86
		{877B1AB4-AFCF-4980-BBD7-5159E91AF048}.KahonaAZ|Any CPU.ActiveCfg = KahonaAZ|Any CPU
		{877B1AB4-AFCF-4980-BBD7-5159E91AF048}.KahonaAZ|Any CPU.Build.0 = KahonaAZ|Any CPU
		{877B1AB4-AFCF-4980-BBD7-5159E91AF048}.KahonaAZ|x64.ActiveCfg = KahonaAZ|x64
		{877B1AB4-AFCF-4980-BBD7-5159E91AF048}.KahonaAZ|x64.Build.0 = KahonaAZ|x64
		{877B1AB4-AFCF-4980-BBD7-5159E91AF048}.KahonaAZ|x86.ActiveCfg = KahonaAZ|x86
		{877B1AB4-AFCF-4980-BBD7-5159E91AF048}.KahonaAZ|x86.Build.0 = KahonaAZ|x86
		{877B1AB4-AFCF-4980-BBD7-5159E91AF048}.KahonaNick|Any CPU.ActiveCfg = KahonaNick|Any CPU
		{877B1AB4-AFCF-4980-BBD7-5159E91AF048}.KahonaNick|Any CPU.Build.0 = KahonaNick|Any CPU
		{877B1AB4-AFCF-4980-BBD7-5159E91AF048}.KahonaNick|x64.ActiveCfg = KahonaNick|x64
		{877B1AB4-AFCF-4980-BBD7-5159E91AF048}.KahonaNick|x64.Build.0 = KahonaNick|x64
		{877B1AB4-AFCF-4980-BBD7-5159E91AF048}.KahonaNick|x86.ActiveCfg = KahonaNick|x86
		{877B1AB4-AFCF-4980-BBD7-5159E91AF048}.KahonaNick|x86.Build.0 = KahonaNick|x86
		{877B1AB4-AFCF-4980-BBD7-5159E91AF048}.KahonaNick2|Any CPU.ActiveCfg = KahonaNick2|Any CPU
		{877B1AB4-AFCF-4980-BBD7-5159E91AF048}.KahonaNick2|Any CPU.Build.0 = KahonaNick2|Any CPU
		{877B1AB4-AFCF-4980-BBD7-5159E91AF048}.KahonaNick2|x64.ActiveCfg = KahonaNick2|x64
		{877B1AB4-AFCF-4980-BBD7-5159E91AF048}.KahonaNick2|x64.Build.0 = KahonaNick2|x64
		{877B1AB4-AFCF-4980-BBD7-5159E91AF048}.KahonaNick2|x86.ActiveCfg = KahonaNick2|x86
		{877B1AB4-AFCF-4980-BBD7-5159E91AF048}.KahonaNick2|x86.Build.0 = KahonaNick2|x86
		{877B1AB4-AFCF-4980-BBD7-5159E91AF048}.KahonaNick3|Any CPU.ActiveCfg = KahonaNick3|Any CPU
		{877B1AB4-AFCF-4980-BBD7-5159E91AF048}.KahonaNick3|Any CPU.Build.0 = KahonaNick3|Any CPU
		{877B1AB4-AFCF-4980-BBD7-5159E91AF048}.KahonaNick3|x64.ActiveCfg = KahonaNick3|x64
		{877B1AB4-AFCF-4980-BBD7-5159E91AF048}.KahonaNick3|x64.Build.0 = KahonaNick3|x64
		{877B1AB4-AFCF-4980-BBD7-5159E91AF048}.KahonaNick3|x86.ActiveCfg = KahonaNick3|x86
		{877B1AB4-AFCF-4980-BBD7-5159E91AF048}.KahonaNick3|x86.Build.0 = KahonaNick3|x86
		{877B1AB4-AFCF-4980-BBD7-5159E91AF048}.Recording|Any CPU.ActiveCfg = Recording|Any CPU
		{877B1AB4-AFCF-4980-BBD7-5159E91AF048}.Recording|Any CPU.Build.0 = Recording|Any CPU
		{877B1AB4-AFCF-4980-BBD7-5159E91AF048}.Recording|x64.ActiveCfg = Recording|x64
		{877B1AB4-AFCF-4980-BBD7-5159E91AF048}.Recording|x64.Build.0 = Recording|x64
		{877B1AB4-AFCF-4980-BBD7-5159E91AF048}.Recording|x86.ActiveCfg = Recording|x86
		{877B1AB4-AFCF-4980-BBD7-5159E91AF048}.Recording|x86.Build.0 = Recording|x86
		{877B1AB4-AFCF-4980-BBD7-5159E91AF048}.Release|Any CPU.ActiveCfg = Release|Any CPU
		{877B1AB4-AFCF-4980-BBD7-5159E91AF048}.Release|Any CPU.Build.0 = Release|Any CPU
		{877B1AB4-AFCF-4980-BBD7-5159E91AF048}.Release|x64.ActiveCfg = Release|x64
		{877B1AB4-AFCF-4980-BBD7-5159E91AF048}.Release|x64.Build.0 = Release|x64
		{877B1AB4-AFCF-4980-BBD7-5159E91AF048}.Release|x86.ActiveCfg = Release|x86
		{877B1AB4-AFCF-4980-BBD7-5159E91AF048}.Release|x86.Build.0 = Release|x86
		{30DD6B78-E45E-4A13-9957-0C1938E4DC25}.Debug|Any CPU.ActiveCfg = Debug|Any CPU
		{30DD6B78-E45E-4A13-9957-0C1938E4DC25}.Debug|Any CPU.Build.0 = Debug|Any CPU
		{30DD6B78-E45E-4A13-9957-0C1938E4DC25}.Debug|x64.ActiveCfg = Debug|x64
		{30DD6B78-E45E-4A13-9957-0C1938E4DC25}.Debug|x64.Build.0 = Debug|x64
		{30DD6B78-E45E-4A13-9957-0C1938E4DC25}.Debug|x86.ActiveCfg = Debug|x86
		{30DD6B78-E45E-4A13-9957-0C1938E4DC25}.Debug|x86.Build.0 = Debug|x86
		{30DD6B78-E45E-4A13-9957-0C1938E4DC25}.Debug64|Any CPU.ActiveCfg = Debug64|x64
		{30DD6B78-E45E-4A13-9957-0C1938E4DC25}.Debug64|Any CPU.Build.0 = Debug64|x64
		{30DD6B78-E45E-4A13-9957-0C1938E4DC25}.Debug64|x64.ActiveCfg = Debug64|x64
		{30DD6B78-E45E-4A13-9957-0C1938E4DC25}.Debug64|x64.Build.0 = Debug64|x64
		{30DD6B78-E45E-4A13-9957-0C1938E4DC25}.Debug64|x86.ActiveCfg = Debug64|x86
		{30DD6B78-E45E-4A13-9957-0C1938E4DC25}.Debug64|x86.Build.0 = Debug64|x86
		{30DD6B78-E45E-4A13-9957-0C1938E4DC25}.Install|Any CPU.ActiveCfg = Installer|Any CPU
		{30DD6B78-E45E-4A13-9957-0C1938E4DC25}.Install|Any CPU.Build.0 = Installer|Any CPU
		{30DD6B78-E45E-4A13-9957-0C1938E4DC25}.Install|x64.ActiveCfg = Installer|x64
		{30DD6B78-E45E-4A13-9957-0C1938E4DC25}.Install|x64.Build.0 = Installer|x64
		{30DD6B78-E45E-4A13-9957-0C1938E4DC25}.Install|x86.ActiveCfg = Installer|x86
		{30DD6B78-E45E-4A13-9957-0C1938E4DC25}.Install|x86.Build.0 = Installer|x86
		{30DD6B78-E45E-4A13-9957-0C1938E4DC25}.KahonaAZ|Any CPU.ActiveCfg = Debug|Any CPU
		{30DD6B78-E45E-4A13-9957-0C1938E4DC25}.KahonaAZ|Any CPU.Build.0 = Debug|Any CPU
		{30DD6B78-E45E-4A13-9957-0C1938E4DC25}.KahonaAZ|x64.ActiveCfg = Debug|x64
		{30DD6B78-E45E-4A13-9957-0C1938E4DC25}.KahonaAZ|x64.Build.0 = Debug|x64
		{30DD6B78-E45E-4A13-9957-0C1938E4DC25}.KahonaAZ|x86.ActiveCfg = Debug|x86
		{30DD6B78-E45E-4A13-9957-0C1938E4DC25}.KahonaAZ|x86.Build.0 = Debug|x86
		{30DD6B78-E45E-4A13-9957-0C1938E4DC25}.KahonaNick|Any CPU.ActiveCfg = Debug|Any CPU
		{30DD6B78-E45E-4A13-9957-0C1938E4DC25}.KahonaNick|Any CPU.Build.0 = Debug|Any CPU
		{30DD6B78-E45E-4A13-9957-0C1938E4DC25}.KahonaNick|x64.ActiveCfg = Debug|x64
		{30DD6B78-E45E-4A13-9957-0C1938E4DC25}.KahonaNick|x64.Build.0 = Debug|x64
		{30DD6B78-E45E-4A13-9957-0C1938E4DC25}.KahonaNick|x86.ActiveCfg = Debug|x86
		{30DD6B78-E45E-4A13-9957-0C1938E4DC25}.KahonaNick|x86.Build.0 = Debug|x86
		{30DD6B78-E45E-4A13-9957-0C1938E4DC25}.KahonaNick2|Any CPU.ActiveCfg = Debug|Any CPU
		{30DD6B78-E45E-4A13-9957-0C1938E4DC25}.KahonaNick2|Any CPU.Build.0 = Debug|Any CPU
		{30DD6B78-E45E-4A13-9957-0C1938E4DC25}.KahonaNick2|x64.ActiveCfg = Debug|x64
		{30DD6B78-E45E-4A13-9957-0C1938E4DC25}.KahonaNick2|x64.Build.0 = Debug|x64
		{30DD6B78-E45E-4A13-9957-0C1938E4DC25}.KahonaNick2|x86.ActiveCfg = Debug|x86
		{30DD6B78-E45E-4A13-9957-0C1938E4DC25}.KahonaNick2|x86.Build.0 = Debug|x86
		{30DD6B78-E45E-4A13-9957-0C1938E4DC25}.KahonaNick3|Any CPU.ActiveCfg = Debug|Any CPU
		{30DD6B78-E45E-4A13-9957-0C1938E4DC25}.KahonaNick3|Any CPU.Build.0 = Debug|Any CPU
		{30DD6B78-E45E-4A13-9957-0C1938E4DC25}.KahonaNick3|x64.ActiveCfg = Debug|x64
		{30DD6B78-E45E-4A13-9957-0C1938E4DC25}.KahonaNick3|x64.Build.0 = Debug|x64
		{30DD6B78-E45E-4A13-9957-0C1938E4DC25}.KahonaNick3|x86.ActiveCfg = Debug|x86
		{30DD6B78-E45E-4A13-9957-0C1938E4DC25}.KahonaNick3|x86.Build.0 = Debug|x86
		{30DD6B78-E45E-4A13-9957-0C1938E4DC25}.Recording|Any CPU.ActiveCfg = Debug|Any CPU
		{30DD6B78-E45E-4A13-9957-0C1938E4DC25}.Recording|Any CPU.Build.0 = Debug|Any CPU
		{30DD6B78-E45E-4A13-9957-0C1938E4DC25}.Recording|x64.ActiveCfg = Debug|x64
		{30DD6B78-E45E-4A13-9957-0C1938E4DC25}.Recording|x64.Build.0 = Debug|x64
		{30DD6B78-E45E-4A13-9957-0C1938E4DC25}.Recording|x86.ActiveCfg = Debug|x86
		{30DD6B78-E45E-4A13-9957-0C1938E4DC25}.Recording|x86.Build.0 = Debug|x86
		{30DD6B78-E45E-4A13-9957-0C1938E4DC25}.Release|Any CPU.ActiveCfg = Release|Any CPU
		{30DD6B78-E45E-4A13-9957-0C1938E4DC25}.Release|Any CPU.Build.0 = Release|Any CPU
		{30DD6B78-E45E-4A13-9957-0C1938E4DC25}.Release|x64.ActiveCfg = Release|x64
		{30DD6B78-E45E-4A13-9957-0C1938E4DC25}.Release|x64.Build.0 = Release|x64
		{30DD6B78-E45E-4A13-9957-0C1938E4DC25}.Release|x86.ActiveCfg = Release|x86
		{30DD6B78-E45E-4A13-9957-0C1938E4DC25}.Release|x86.Build.0 = Release|x86
		{4143D085-38CF-4640-BB05-2FDFFAF94D76}.Debug|Any CPU.ActiveCfg = Debug|Any CPU
		{4143D085-38CF-4640-BB05-2FDFFAF94D76}.Debug|Any CPU.Build.0 = Debug|Any CPU
		{4143D085-38CF-4640-BB05-2FDFFAF94D76}.Debug|x64.ActiveCfg = Debug|x64
		{4143D085-38CF-4640-BB05-2FDFFAF94D76}.Debug|x64.Build.0 = Debug|x64
		{4143D085-38CF-4640-BB05-2FDFFAF94D76}.Debug|x86.ActiveCfg = Debug|x86
		{4143D085-38CF-4640-BB05-2FDFFAF94D76}.Debug|x86.Build.0 = Debug|x86
		{4143D085-38CF-4640-BB05-2FDFFAF94D76}.Debug64|Any CPU.ActiveCfg = Debug64|x64
		{4143D085-38CF-4640-BB05-2FDFFAF94D76}.Debug64|Any CPU.Build.0 = Debug64|x64
		{4143D085-38CF-4640-BB05-2FDFFAF94D76}.Debug64|x64.ActiveCfg = Debug64|x64
		{4143D085-38CF-4640-BB05-2FDFFAF94D76}.Debug64|x64.Build.0 = Debug64|x64
		{4143D085-38CF-4640-BB05-2FDFFAF94D76}.Debug64|x86.ActiveCfg = Debug64|x86
		{4143D085-38CF-4640-BB05-2FDFFAF94D76}.Debug64|x86.Build.0 = Debug64|x86
		{4143D085-38CF-4640-BB05-2FDFFAF94D76}.Install|Any CPU.ActiveCfg = Installer|Any CPU
		{4143D085-38CF-4640-BB05-2FDFFAF94D76}.Install|Any CPU.Build.0 = Installer|Any CPU
		{4143D085-38CF-4640-BB05-2FDFFAF94D76}.Install|x64.ActiveCfg = Installer|x64
		{4143D085-38CF-4640-BB05-2FDFFAF94D76}.Install|x64.Build.0 = Installer|x64
		{4143D085-38CF-4640-BB05-2FDFFAF94D76}.Install|x86.ActiveCfg = Installer|x86
		{4143D085-38CF-4640-BB05-2FDFFAF94D76}.Install|x86.Build.0 = Installer|x86
		{4143D085-38CF-4640-BB05-2FDFFAF94D76}.KahonaAZ|Any CPU.ActiveCfg = Debug|Any CPU
		{4143D085-38CF-4640-BB05-2FDFFAF94D76}.KahonaAZ|Any CPU.Build.0 = Debug|Any CPU
		{4143D085-38CF-4640-BB05-2FDFFAF94D76}.KahonaAZ|x64.ActiveCfg = Debug|x64
		{4143D085-38CF-4640-BB05-2FDFFAF94D76}.KahonaAZ|x64.Build.0 = Debug|x64
		{4143D085-38CF-4640-BB05-2FDFFAF94D76}.KahonaAZ|x86.ActiveCfg = Debug|x86
		{4143D085-38CF-4640-BB05-2FDFFAF94D76}.KahonaAZ|x86.Build.0 = Debug|x86
		{4143D085-38CF-4640-BB05-2FDFFAF94D76}.KahonaNick|Any CPU.ActiveCfg = Debug|Any CPU
		{4143D085-38CF-4640-BB05-2FDFFAF94D76}.KahonaNick|Any CPU.Build.0 = Debug|Any CPU
		{4143D085-38CF-4640-BB05-2FDFFAF94D76}.KahonaNick|x64.ActiveCfg = Debug|x64
		{4143D085-38CF-4640-BB05-2FDFFAF94D76}.KahonaNick|x64.Build.0 = Debug|x64
		{4143D085-38CF-4640-BB05-2FDFFAF94D76}.KahonaNick|x86.ActiveCfg = Debug|x86
		{4143D085-38CF-4640-BB05-2FDFFAF94D76}.KahonaNick|x86.Build.0 = Debug|x86
		{4143D085-38CF-4640-BB05-2FDFFAF94D76}.KahonaNick2|Any CPU.ActiveCfg = Debug|Any CPU
		{4143D085-38CF-4640-BB05-2FDFFAF94D76}.KahonaNick2|Any CPU.Build.0 = Debug|Any CPU
		{4143D085-38CF-4640-BB05-2FDFFAF94D76}.KahonaNick2|x64.ActiveCfg = Debug|x64
		{4143D085-38CF-4640-BB05-2FDFFAF94D76}.KahonaNick2|x64.Build.0 = Debug|x64
		{4143D085-38CF-4640-BB05-2FDFFAF94D76}.KahonaNick2|x86.ActiveCfg = Debug|x86
		{4143D085-38CF-4640-BB05-2FDFFAF94D76}.KahonaNick2|x86.Build.0 = Debug|x86
		{4143D085-38CF-4640-BB05-2FDFFAF94D76}.KahonaNick3|Any CPU.ActiveCfg = Debug|Any CPU
		{4143D085-38CF-4640-BB05-2FDFFAF94D76}.KahonaNick3|Any CPU.Build.0 = Debug|Any CPU
		{4143D085-38CF-4640-BB05-2FDFFAF94D76}.KahonaNick3|x64.ActiveCfg = Debug|x64
		{4143D085-38CF-4640-BB05-2FDFFAF94D76}.KahonaNick3|x64.Build.0 = Debug|x64
		{4143D085-38CF-4640-BB05-2FDFFAF94D76}.KahonaNick3|x86.ActiveCfg = Debug|x86
		{4143D085-38CF-4640-BB05-2FDFFAF94D76}.KahonaNick3|x86.Build.0 = Debug|x86
		{4143D085-38CF-4640-BB05-2FDFFAF94D76}.Recording|Any CPU.ActiveCfg = Debug|Any CPU
		{4143D085-38CF-4640-BB05-2FDFFAF94D76}.Recording|Any CPU.Build.0 = Debug|Any CPU
		{4143D085-38CF-4640-BB05-2FDFFAF94D76}.Recording|x64.ActiveCfg = Debug|x64
		{4143D085-38CF-4640-BB05-2FDFFAF94D76}.Recording|x64.Build.0 = Debug|x64
		{4143D085-38CF-4640-BB05-2FDFFAF94D76}.Recording|x86.ActiveCfg = Debug|x86
		{4143D085-38CF-4640-BB05-2FDFFAF94D76}.Recording|x86.Build.0 = Debug|x86
		{4143D085-38CF-4640-BB05-2FDFFAF94D76}.Release|Any CPU.ActiveCfg = Release|Any CPU
		{4143D085-38CF-4640-BB05-2FDFFAF94D76}.Release|Any CPU.Build.0 = Release|Any CPU
		{4143D085-38CF-4640-BB05-2FDFFAF94D76}.Release|x64.ActiveCfg = Release|x64
		{4143D085-38CF-4640-BB05-2FDFFAF94D76}.Release|x64.Build.0 = Release|x64
		{4143D085-38CF-4640-BB05-2FDFFAF94D76}.Release|x86.ActiveCfg = Release|x86
		{4143D085-38CF-4640-BB05-2FDFFAF94D76}.Release|x86.Build.0 = Release|x86
		{458CAF53-0DF2-4005-A545-95B6674CDCB6}.Debug|Any CPU.ActiveCfg = Debug|Any CPU
		{458CAF53-0DF2-4005-A545-95B6674CDCB6}.Debug|Any CPU.Build.0 = Debug|Any CPU
		{458CAF53-0DF2-4005-A545-95B6674CDCB6}.Debug|x64.ActiveCfg = Debug|x64
		{458CAF53-0DF2-4005-A545-95B6674CDCB6}.Debug|x64.Build.0 = Debug|x64
		{458CAF53-0DF2-4005-A545-95B6674CDCB6}.Debug|x86.ActiveCfg = Debug|x86
		{458CAF53-0DF2-4005-A545-95B6674CDCB6}.Debug|x86.Build.0 = Debug|x86
		{458CAF53-0DF2-4005-A545-95B6674CDCB6}.Debug64|Any CPU.ActiveCfg = Debug64|x64
		{458CAF53-0DF2-4005-A545-95B6674CDCB6}.Debug64|Any CPU.Build.0 = Debug64|x64
		{458CAF53-0DF2-4005-A545-95B6674CDCB6}.Debug64|x64.ActiveCfg = Debug64|x64
		{458CAF53-0DF2-4005-A545-95B6674CDCB6}.Debug64|x64.Build.0 = Debug64|x64
		{458CAF53-0DF2-4005-A545-95B6674CDCB6}.Debug64|x86.ActiveCfg = Debug64|x86
		{458CAF53-0DF2-4005-A545-95B6674CDCB6}.Debug64|x86.Build.0 = Debug64|x86
		{458CAF53-0DF2-4005-A545-95B6674CDCB6}.Install|Any CPU.ActiveCfg = Installer|Any CPU
		{458CAF53-0DF2-4005-A545-95B6674CDCB6}.Install|Any CPU.Build.0 = Installer|Any CPU
		{458CAF53-0DF2-4005-A545-95B6674CDCB6}.Install|x64.ActiveCfg = Installer|x64
		{458CAF53-0DF2-4005-A545-95B6674CDCB6}.Install|x64.Build.0 = Installer|x64
		{458CAF53-0DF2-4005-A545-95B6674CDCB6}.Install|x86.ActiveCfg = Installer|x86
		{458CAF53-0DF2-4005-A545-95B6674CDCB6}.Install|x86.Build.0 = Installer|x86
		{458CAF53-0DF2-4005-A545-95B6674CDCB6}.KahonaAZ|Any CPU.ActiveCfg = Debug|Any CPU
		{458CAF53-0DF2-4005-A545-95B6674CDCB6}.KahonaAZ|Any CPU.Build.0 = Debug|Any CPU
		{458CAF53-0DF2-4005-A545-95B6674CDCB6}.KahonaAZ|x64.ActiveCfg = Debug|x64
		{458CAF53-0DF2-4005-A545-95B6674CDCB6}.KahonaAZ|x64.Build.0 = Debug|x64
		{458CAF53-0DF2-4005-A545-95B6674CDCB6}.KahonaAZ|x86.ActiveCfg = Debug|x86
		{458CAF53-0DF2-4005-A545-95B6674CDCB6}.KahonaAZ|x86.Build.0 = Debug|x86
		{458CAF53-0DF2-4005-A545-95B6674CDCB6}.KahonaNick|Any CPU.ActiveCfg = Debug|Any CPU
		{458CAF53-0DF2-4005-A545-95B6674CDCB6}.KahonaNick|Any CPU.Build.0 = Debug|Any CPU
		{458CAF53-0DF2-4005-A545-95B6674CDCB6}.KahonaNick|x64.ActiveCfg = Debug|x64
		{458CAF53-0DF2-4005-A545-95B6674CDCB6}.KahonaNick|x64.Build.0 = Debug|x64
		{458CAF53-0DF2-4005-A545-95B6674CDCB6}.KahonaNick|x86.ActiveCfg = Debug|x86
		{458CAF53-0DF2-4005-A545-95B6674CDCB6}.KahonaNick|x86.Build.0 = Debug|x86
		{458CAF53-0DF2-4005-A545-95B6674CDCB6}.KahonaNick2|Any CPU.ActiveCfg = Debug|Any CPU
		{458CAF53-0DF2-4005-A545-95B6674CDCB6}.KahonaNick2|Any CPU.Build.0 = Debug|Any CPU
		{458CAF53-0DF2-4005-A545-95B6674CDCB6}.KahonaNick2|x64.ActiveCfg = Debug|x64
		{458CAF53-0DF2-4005-A545-95B6674CDCB6}.KahonaNick2|x64.Build.0 = Debug|x64
		{458CAF53-0DF2-4005-A545-95B6674CDCB6}.KahonaNick2|x86.ActiveCfg = Debug|x86
		{458CAF53-0DF2-4005-A545-95B6674CDCB6}.KahonaNick2|x86.Build.0 = Debug|x86
		{458CAF53-0DF2-4005-A545-95B6674CDCB6}.KahonaNick3|Any CPU.ActiveCfg = Debug|Any CPU
		{458CAF53-0DF2-4005-A545-95B6674CDCB6}.KahonaNick3|Any CPU.Build.0 = Debug|Any CPU
		{458CAF53-0DF2-4005-A545-95B6674CDCB6}.KahonaNick3|x64.ActiveCfg = Debug|x64
		{458CAF53-0DF2-4005-A545-95B6674CDCB6}.KahonaNick3|x64.Build.0 = Debug|x64
		{458CAF53-0DF2-4005-A545-95B6674CDCB6}.KahonaNick3|x86.ActiveCfg = Debug|x86
		{458CAF53-0DF2-4005-A545-95B6674CDCB6}.KahonaNick3|x86.Build.0 = Debug|x86
		{458CAF53-0DF2-4005-A545-95B6674CDCB6}.Recording|Any CPU.ActiveCfg = Debug|Any CPU
		{458CAF53-0DF2-4005-A545-95B6674CDCB6}.Recording|Any CPU.Build.0 = Debug|Any CPU
		{458CAF53-0DF2-4005-A545-95B6674CDCB6}.Recording|x64.ActiveCfg = Debug|x64
		{458CAF53-0DF2-4005-A545-95B6674CDCB6}.Recording|x64.Build.0 = Debug|x64
		{458CAF53-0DF2-4005-A545-95B6674CDCB6}.Recording|x86.ActiveCfg = Debug|x86
		{458CAF53-0DF2-4005-A545-95B6674CDCB6}.Recording|x86.Build.0 = Debug|x86
		{458CAF53-0DF2-4005-A545-95B6674CDCB6}.Release|Any CPU.ActiveCfg = Release|Any CPU
		{458CAF53-0DF2-4005-A545-95B6674CDCB6}.Release|Any CPU.Build.0 = Release|Any CPU
		{458CAF53-0DF2-4005-A545-95B6674CDCB6}.Release|x64.ActiveCfg = Release|x64
		{458CAF53-0DF2-4005-A545-95B6674CDCB6}.Release|x64.Build.0 = Release|x64
		{458CAF53-0DF2-4005-A545-95B6674CDCB6}.Release|x86.ActiveCfg = Release|x86
		{458CAF53-0DF2-4005-A545-95B6674CDCB6}.Release|x86.Build.0 = Release|x86
		{E359B2B0-644F-4A5B-96CA-AD643A33597D}.Debug|Any CPU.ActiveCfg = Debug
		{E359B2B0-644F-4A5B-96CA-AD643A33597D}.Debug|Any CPU.Build.0 = Debug
		{E359B2B0-644F-4A5B-96CA-AD643A33597D}.Debug|x64.ActiveCfg = Debug
		{E359B2B0-644F-4A5B-96CA-AD643A33597D}.Debug|x64.Build.0 = Debug
		{E359B2B0-644F-4A5B-96CA-AD643A33597D}.Debug|x86.ActiveCfg = Debug
		{E359B2B0-644F-4A5B-96CA-AD643A33597D}.Debug|x86.Build.0 = Debug
		{E359B2B0-644F-4A5B-96CA-AD643A33597D}.Debug64|Any CPU.ActiveCfg = Debug64
		{E359B2B0-644F-4A5B-96CA-AD643A33597D}.Debug64|Any CPU.Build.0 = Debug64
		{E359B2B0-644F-4A5B-96CA-AD643A33597D}.Debug64|x64.ActiveCfg = Debug64
		{E359B2B0-644F-4A5B-96CA-AD643A33597D}.Debug64|x64.Build.0 = Debug64
		{E359B2B0-644F-4A5B-96CA-AD643A33597D}.Debug64|x86.ActiveCfg = Debug64
		{E359B2B0-644F-4A5B-96CA-AD643A33597D}.Debug64|x86.Build.0 = Debug64
		{E359B2B0-644F-4A5B-96CA-AD643A33597D}.Install|Any CPU.ActiveCfg = Install
		{E359B2B0-644F-4A5B-96CA-AD643A33597D}.Install|Any CPU.Build.0 = Install
		{E359B2B0-644F-4A5B-96CA-AD643A33597D}.Install|x64.ActiveCfg = Release
		{E359B2B0-644F-4A5B-96CA-AD643A33597D}.Install|x64.Build.0 = Release
		{E359B2B0-644F-4A5B-96CA-AD643A33597D}.Install|x86.ActiveCfg = Release
		{E359B2B0-644F-4A5B-96CA-AD643A33597D}.Install|x86.Build.0 = Release
		{E359B2B0-644F-4A5B-96CA-AD643A33597D}.KahonaAZ|Any CPU.ActiveCfg = Debug
		{E359B2B0-644F-4A5B-96CA-AD643A33597D}.KahonaAZ|Any CPU.Build.0 = Debug
		{E359B2B0-644F-4A5B-96CA-AD643A33597D}.KahonaAZ|x64.ActiveCfg = Debug
		{E359B2B0-644F-4A5B-96CA-AD643A33597D}.KahonaAZ|x64.Build.0 = Debug
		{E359B2B0-644F-4A5B-96CA-AD643A33597D}.KahonaAZ|x86.ActiveCfg = Debug
		{E359B2B0-644F-4A5B-96CA-AD643A33597D}.KahonaAZ|x86.Build.0 = Debug
		{E359B2B0-644F-4A5B-96CA-AD643A33597D}.KahonaNick|Any CPU.ActiveCfg = Debug
		{E359B2B0-644F-4A5B-96CA-AD643A33597D}.KahonaNick|Any CPU.Build.0 = Debug
		{E359B2B0-644F-4A5B-96CA-AD643A33597D}.KahonaNick|x64.ActiveCfg = Debug
		{E359B2B0-644F-4A5B-96CA-AD643A33597D}.KahonaNick|x64.Build.0 = Debug
		{E359B2B0-644F-4A5B-96CA-AD643A33597D}.KahonaNick|x86.ActiveCfg = Debug
		{E359B2B0-644F-4A5B-96CA-AD643A33597D}.KahonaNick|x86.Build.0 = Debug
		{E359B2B0-644F-4A5B-96CA-AD643A33597D}.KahonaNick2|Any CPU.ActiveCfg = Debug
		{E359B2B0-644F-4A5B-96CA-AD643A33597D}.KahonaNick2|Any CPU.Build.0 = Debug
		{E359B2B0-644F-4A5B-96CA-AD643A33597D}.KahonaNick2|x64.ActiveCfg = Debug
		{E359B2B0-644F-4A5B-96CA-AD643A33597D}.KahonaNick2|x64.Build.0 = Debug
		{E359B2B0-644F-4A5B-96CA-AD643A33597D}.KahonaNick2|x86.ActiveCfg = Debug
		{E359B2B0-644F-4A5B-96CA-AD643A33597D}.KahonaNick2|x86.Build.0 = Debug
		{E359B2B0-644F-4A5B-96CA-AD643A33597D}.KahonaNick3|Any CPU.ActiveCfg = Debug
		{E359B2B0-644F-4A5B-96CA-AD643A33597D}.KahonaNick3|Any CPU.Build.0 = Debug
		{E359B2B0-644F-4A5B-96CA-AD643A33597D}.KahonaNick3|x64.ActiveCfg = Debug
		{E359B2B0-644F-4A5B-96CA-AD643A33597D}.KahonaNick3|x64.Build.0 = Debug
		{E359B2B0-644F-4A5B-96CA-AD643A33597D}.KahonaNick3|x86.ActiveCfg = Debug
		{E359B2B0-644F-4A5B-96CA-AD643A33597D}.KahonaNick3|x86.Build.0 = Debug
		{E359B2B0-644F-4A5B-96CA-AD643A33597D}.Recording|Any CPU.ActiveCfg = Debug
		{E359B2B0-644F-4A5B-96CA-AD643A33597D}.Recording|Any CPU.Build.0 = Debug
		{E359B2B0-644F-4A5B-96CA-AD643A33597D}.Recording|x64.ActiveCfg = Debug
		{E359B2B0-644F-4A5B-96CA-AD643A33597D}.Recording|x64.Build.0 = Debug
		{E359B2B0-644F-4A5B-96CA-AD643A33597D}.Recording|x86.ActiveCfg = Debug
		{E359B2B0-644F-4A5B-96CA-AD643A33597D}.Recording|x86.Build.0 = Debug
		{E359B2B0-644F-4A5B-96CA-AD643A33597D}.Release|Any CPU.ActiveCfg = Release
		{E359B2B0-644F-4A5B-96CA-AD643A33597D}.Release|Any CPU.Build.0 = Release
		{E359B2B0-644F-4A5B-96CA-AD643A33597D}.Release|x64.ActiveCfg = Release
		{E359B2B0-644F-4A5B-96CA-AD643A33597D}.Release|x64.Build.0 = Release
		{E359B2B0-644F-4A5B-96CA-AD643A33597D}.Release|x86.ActiveCfg = Release
		{E359B2B0-644F-4A5B-96CA-AD643A33597D}.Release|x86.Build.0 = Release
	EndGlobalSection
	GlobalSection(SolutionProperties) = preSolution
		HideSolutionNode = FALSE
	EndGlobalSection
EndGlobal
